// !$*UTF8*$!
{
	archiveVersion = 1;
	classes = {
	};
	objectVersion = 63;
	objects = {

/* Begin PBXBuildFile section */
		0AB8A2A83683D9039B2ED11C /* Priority.swift in Sources */ = {isa = PBXBuildFile; fileRef = 077A953291909F79699D05DF /* Priority.swift */; };
		0DE8EA1ADA3C9EA494ACDA35 /* OnboardingView.swift in Sources */ = {isa = PBXBuildFile; fileRef = 952B90C1ED87B9349E5AD3F3 /* OnboardingView.swift */; };
		0E629A85190F68D983286159 /* JournalingPrompter.xcdatamodeld in Sources */ = {isa = PBXBuildFile; fileRef = 25B33126B725459EB0C202F1 /* JournalingPrompter.xcdatamodeld */; };
		11722024C8BC8825EA068F70 /* CustomPromptsManager.swift in Sources */ = {isa = PBXBuildFile; fileRef = A294DE3EFBE571FFF7CC42F7 /* CustomPromptsManager.swift */; };
		21451CF60FC6FF2089466B1D /* JournalingPrompterApp.swift in Sources */ = {isa = PBXBuildFile; fileRef = 0102D1C13855A314DC6A22E6 /* JournalingPrompterApp.swift */; };
		2DBF2563F0A1E6C93B53D3B8 /* JournalEntryView.swift in Sources */ = {isa = PBXBuildFile; fileRef = 729D5DE0A5101FBA4F9EFACC /* JournalEntryView.swift */; };
		317C0BB07901355ED3DE3752 /* HistoryView.swift in Sources */ = {isa = PBXBuildFile; fileRef = 21F04A76CBB0D95CA29F2DF7 /* HistoryView.swift */; };
		3272F4FB49721B33C664FE4B /* JournalEntry.swift in Sources */ = {isa = PBXBuildFile; fileRef = 5429D99B1EAA7C1943515126 /* JournalEntry.swift */; };
		4E982B061ED0CC8378741E6F /* GeminiService.swift in Sources */ = {isa = PBXBuildFile; fileRef = 156D0EC8CD5A20C3CEA5BADC /* GeminiService.swift */; };
		5DE1F9F6BDE186896D93C89A /* SettingsView.swift in Sources */ = {isa = PBXBuildFile; fileRef = BD36DEBF10616E345FAD61D5 /* SettingsView.swift */; };
		65A5F1C45106400755C0A6A4 /* Assets.xcassets in Resources */ = {isa = PBXBuildFile; fileRef = B5479AF909FB0E70E9C1156C /* Assets.xcassets */; };
		69160DE6AC10C8F499ABF9D6 /* HistoryAnalyticsService.swift in Sources */ = {isa = PBXBuildFile; fileRef = 1EADFD0940BB7B0448AAD41C /* HistoryAnalyticsService.swift */; };
		6A480F14951EAC3F7BA154E2 /* StreakManager.swift in Sources */ = {isa = PBXBuildFile; fileRef = B67214F09C7B718A51F9EFA5 /* StreakManager.swift */; };
		6D36A5692BA87221BF0F9452 /* OfflinePrompts.swift in Sources */ = {isa = PBXBuildFile; fileRef = BB3C4D22855B97A737D3C4E0 /* OfflinePrompts.swift */; };
		729D322F2BF4175BB8FD35DD /* CoreDataManager.swift in Sources */ = {isa = PBXBuildFile; fileRef = 946F9B66934B7789E0DBFD5B /* CoreDataManager.swift */; };
		78EF53493E5854539134E419 /* Achievement.swift in Sources */ = {isa = PBXBuildFile; fileRef = 8DAF13CC1855D5EB55E7A350 /* Achievement.swift */; };
		7BFFE7879914989A9BF682B5 /* PromptView.swift in Sources */ = {isa = PBXBuildFile; fileRef = 55DD1AE66BC82E20E6DB9CB4 /* PromptView.swift */; };
		88973A7C35C155C282BF74C7 /* JourneyView.swift in Sources */ = {isa = PBXBuildFile; fileRef = 72DB7E9645BD014E16372633 /* JourneyView.swift */; };
		8AE201B653EAA678D890D093 /* Mood.swift in Sources */ = {isa = PBXBuildFile; fileRef = 7807D5EDE5E634E6A70C5F44 /* Mood.swift */; };
		8C2BF2AB52A23818730A5318 /* AppColors.swift in Sources */ = {isa = PBXBuildFile; fileRef = 60792EC392B28A2143A7E667 /* AppColors.swift */; };
		8D3552DB1DFE548D8C71084E /* DailyEntryManager.swift in Sources */ = {isa = PBXBuildFile; fileRef = 24C63D87920C80ECB3A15C3B /* DailyEntryManager.swift */; };
		94E559C5762B074A9C62BAF5 /* PromptsLibraryView.swift in Sources */ = {isa = PBXBuildFile; fileRef = 01FDBBE3728B7E6985128091 /* PromptsLibraryView.swift */; };
		95D12F7E4A5374AFB591C589 /* DailyEntry.swift in Sources */ = {isa = PBXBuildFile; fileRef = 2CEA781FE3D8EB1D30D470EE /* DailyEntry.swift */; };
		9D44FF84ACC6D670B4CDA5E2 /* ContentView.swift in Sources */ = {isa = PBXBuildFile; fileRef = 9F9EAA2CCFED0DF680C7519F /* ContentView.swift */; };
		A0F9366954E07A290FA20FDC /* Activity.swift in Sources */ = {isa = PBXBuildFile; fileRef = AD3A938EF8030E51DCD13F00 /* Activity.swift */; };
		A33B823AE3D9B616BC97360A /* TimeOfDay.swift in Sources */ = {isa = PBXBuildFile; fileRef = C13FA49884958FBA46AB0FEE /* TimeOfDay.swift */; };
		C42E7B561162A3F57A3F28AE /* CustomPrompt.swift in Sources */ = {isa = PBXBuildFile; fileRef = 0FFD0AB0EB9529B91B9ABD5E /* CustomPrompt.swift */; };
		CCE6573B48AE1A143FE4F527 /* CalendarService.swift in Sources */ = {isa = PBXBuildFile; fileRef = A1BE86E5DA24A96F03995DDE /* CalendarService.swift */; };
		D2E036CFE21292293EE0E230 /* DailyView.swift in Sources */ = {isa = PBXBuildFile; fileRef = 150CAC5AB57A49DA99BE2552 /* DailyView.swift */; };
		DF38B52492470096F886EAC6 /* HomeView.swift in Sources */ = {isa = PBXBuildFile; fileRef = ACC776467FE270AF2535B19E /* HomeView.swift */; };
		E93B8CA2F9F6E8AF31DBD6C4 /* NotificationManager.swift in Sources */ = {isa = PBXBuildFile; fileRef = 1A6FB2CA1FF5C5A2B5E0BC67 /* NotificationManager.swift */; };
		FC5706701702F6ACE5AFAAB8 /* PromptPickerView.swift in Sources */ = {isa = PBXBuildFile; fileRef = DC113C096CE32B615CBD5DDB /* PromptPickerView.swift */; };
/* End PBXBuildFile section */

/* Begin PBXFileReference section */
		0102D1C13855A314DC6A22E6 /* JournalingPrompterApp.swift */ = {isa = PBXFileReference; lastKnownFileType = sourcecode.swift; path = JournalingPrompterApp.swift; sourceTree = "<group>"; };
		01FDBBE3728B7E6985128091 /* PromptsLibraryView.swift */ = {isa = PBXFileReference; lastKnownFileType = sourcecode.swift; path = PromptsLibraryView.swift; sourceTree = "<group>"; };
		077A953291909F79699D05DF /* Priority.swift */ = {isa = PBXFileReference; lastKnownFileType = sourcecode.swift; path = Priority.swift; sourceTree = "<group>"; };
		0E7F14903365F9EF9B358336 /* Info.plist */ = {isa = PBXFileReference; lastKnownFileType = text.plist; path = Info.plist; sourceTree = "<group>"; };
		0FFD0AB0EB9529B91B9ABD5E /* CustomPrompt.swift */ = {isa = PBXFileReference; lastKnownFileType = sourcecode.swift; path = CustomPrompt.swift; sourceTree = "<group>"; };
		150CAC5AB57A49DA99BE2552 /* DailyView.swift */ = {isa = PBXFileReference; lastKnownFileType = sourcecode.swift; path = DailyView.swift; sourceTree = "<group>"; };
		156D0EC8CD5A20C3CEA5BADC /* GeminiService.swift */ = {isa = PBXFileReference; lastKnownFileType = sourcecode.swift; path = GeminiService.swift; sourceTree = "<group>"; };
		1A6FB2CA1FF5C5A2B5E0BC67 /* NotificationManager.swift */ = {isa = PBXFileReference; lastKnownFileType = sourcecode.swift; path = NotificationManager.swift; sourceTree = "<group>"; };
		1EADFD0940BB7B0448AAD41C /* HistoryAnalyticsService.swift */ = {isa = PBXFileReference; lastKnownFileType = sourcecode.swift; path = HistoryAnalyticsService.swift; sourceTree = "<group>"; };
		21F04A76CBB0D95CA29F2DF7 /* HistoryView.swift */ = {isa = PBXFileReference; lastKnownFileType = sourcecode.swift; path = HistoryView.swift; sourceTree = "<group>"; };
		24C63D87920C80ECB3A15C3B /* DailyEntryManager.swift */ = {isa = PBXFileReference; lastKnownFileType = sourcecode.swift; path = DailyEntryManager.swift; sourceTree = "<group>"; };
		2872628CFE123F4CEAD7DE64 /* JournalingPrompter.app */ = {isa = PBXFileReference; explicitFileType = wrapper.application; includeInIndex = 0; path = JournalingPrompter.app; sourceTree = BUILT_PRODUCTS_DIR; };
		2CEA781FE3D8EB1D30D470EE /* DailyEntry.swift */ = {isa = PBXFileReference; lastKnownFileType = sourcecode.swift; path = DailyEntry.swift; sourceTree = "<group>"; };
		5429D99B1EAA7C1943515126 /* JournalEntry.swift */ = {isa = PBXFileReference; lastKnownFileType = sourcecode.swift; path = JournalEntry.swift; sourceTree = "<group>"; };
		55DD1AE66BC82E20E6DB9CB4 /* PromptView.swift */ = {isa = PBXFileReference; lastKnownFileType = sourcecode.swift; path = PromptView.swift; sourceTree = "<group>"; };
		60792EC392B28A2143A7E667 /* AppColors.swift */ = {isa = PBXFileReference; lastKnownFileType = sourcecode.swift; path = AppColors.swift; sourceTree = "<group>"; };
		729D5DE0A5101FBA4F9EFACC /* JournalEntryView.swift */ = {isa = PBXFileReference; lastKnownFileType = sourcecode.swift; path = JournalEntryView.swift; sourceTree = "<group>"; };
		72DB7E9645BD014E16372633 /* JourneyView.swift */ = {isa = PBXFileReference; lastKnownFileType = sourcecode.swift; path = JourneyView.swift; sourceTree = "<group>"; };
		7807D5EDE5E634E6A70C5F44 /* Mood.swift */ = {isa = PBXFileReference; lastKnownFileType = sourcecode.swift; path = Mood.swift; sourceTree = "<group>"; };
		8DAF13CC1855D5EB55E7A350 /* Achievement.swift */ = {isa = PBXFileReference; lastKnownFileType = sourcecode.swift; path = Achievement.swift; sourceTree = "<group>"; };
		946F9B66934B7789E0DBFD5B /* CoreDataManager.swift */ = {isa = PBXFileReference; lastKnownFileType = sourcecode.swift; path = CoreDataManager.swift; sourceTree = "<group>"; };
		952B90C1ED87B9349E5AD3F3 /* OnboardingView.swift */ = {isa = PBXFileReference; lastKnownFileType = sourcecode.swift; path = OnboardingView.swift; sourceTree = "<group>"; };
		9F9EAA2CCFED0DF680C7519F /* ContentView.swift */ = {isa = PBXFileReference; lastKnownFileType = sourcecode.swift; path = ContentView.swift; sourceTree = "<group>"; };
		A1BE86E5DA24A96F03995DDE /* CalendarService.swift */ = {isa = PBXFileReference; lastKnownFileType = sourcecode.swift; path = CalendarService.swift; sourceTree = "<group>"; };
		A294DE3EFBE571FFF7CC42F7 /* CustomPromptsManager.swift */ = {isa = PBXFileReference; lastKnownFileType = sourcecode.swift; path = CustomPromptsManager.swift; sourceTree = "<group>"; };
		ACC776467FE270AF2535B19E /* HomeView.swift */ = {isa = PBXFileReference; lastKnownFileType = sourcecode.swift; path = HomeView.swift; sourceTree = "<group>"; };
		AD3A938EF8030E51DCD13F00 /* Activity.swift */ = {isa = PBXFileReference; lastKnownFileType = sourcecode.swift; path = Activity.swift; sourceTree = "<group>"; };
		B5479AF909FB0E70E9C1156C /* Assets.xcassets */ = {isa = PBXFileReference; lastKnownFileType = folder.assetcatalog; path = Assets.xcassets; sourceTree = "<group>"; };
		B67214F09C7B718A51F9EFA5 /* StreakManager.swift */ = {isa = PBXFileReference; lastKnownFileType = sourcecode.swift; path = StreakManager.swift; sourceTree = "<group>"; };
		BB3C4D22855B97A737D3C4E0 /* OfflinePrompts.swift */ = {isa = PBXFileReference; lastKnownFileType = sourcecode.swift; path = OfflinePrompts.swift; sourceTree = "<group>"; };
		BD36DEBF10616E345FAD61D5 /* SettingsView.swift */ = {isa = PBXFileReference; lastKnownFileType = sourcecode.swift; path = SettingsView.swift; sourceTree = "<group>"; };
		C13FA49884958FBA46AB0FEE /* TimeOfDay.swift */ = {isa = PBXFileReference; lastKnownFileType = sourcecode.swift; path = TimeOfDay.swift; sourceTree = "<group>"; };
		CB6C0BDCE67FBE713989C76F /* JournalingPrompter.xcdatamodel */ = {isa = PBXFileReference; lastKnownFileType = wrapper.xcdatamodel; path = JournalingPrompter.xcdatamodel; sourceTree = "<group>"; };
		DC113C096CE32B615CBD5DDB /* PromptPickerView.swift */ = {isa = PBXFileReference; lastKnownFileType = sourcecode.swift; path = PromptPickerView.swift; sourceTree = "<group>"; };
/* End PBXFileReference section */

/* Begin PBXGroup section */
		53ABDD2F53264BF669E9E254 /* Theme */ = {
			isa = PBXGroup;
			children = (
				60792EC392B28A2143A7E667 /* AppColors.swift */,
			);
			path = Theme;
			sourceTree = "<group>";
		};
		577014F607B99652DFD59022 /* JournalingPrompter */ = {
			isa = PBXGroup;
			children = (
				0E7F14903365F9EF9B358336 /* Info.plist */,
				0102D1C13855A314DC6A22E6 /* JournalingPrompterApp.swift */,
				A815691C2504D987B0403D3F /* Models */,
				EF6C3CF2212F2B1054D8DD8F /* Resources */,
				794CB3AF38F67A2F6F0A36FB /* Services */,
				53ABDD2F53264BF669E9E254 /* Theme */,
				DCB0F9100A29AB543E22FEFB /* Views */,
			);
			path = JournalingPrompter;
			sourceTree = "<group>";
		};
		6F5FAAE0ADBF042C5AE55138 /* Products */ = {
			isa = PBXGroup;
			children = (
				2872628CFE123F4CEAD7DE64 /* JournalingPrompter.app */,
			);
			name = Products;
			sourceTree = "<group>";
		};
		794CB3AF38F67A2F6F0A36FB /* Services */ = {
			isa = PBXGroup;
			children = (
				A1BE86E5DA24A96F03995DDE /* CalendarService.swift */,
				946F9B66934B7789E0DBFD5B /* CoreDataManager.swift */,
				A294DE3EFBE571FFF7CC42F7 /* CustomPromptsManager.swift */,
				24C63D87920C80ECB3A15C3B /* DailyEntryManager.swift */,
				156D0EC8CD5A20C3CEA5BADC /* GeminiService.swift */,
				1EADFD0940BB7B0448AAD41C /* HistoryAnalyticsService.swift */,
				1A6FB2CA1FF5C5A2B5E0BC67 /* NotificationManager.swift */,
				BB3C4D22855B97A737D3C4E0 /* OfflinePrompts.swift */,
				B67214F09C7B718A51F9EFA5 /* StreakManager.swift */,
			);
			path = Services;
			sourceTree = "<group>";
		};
		84FD1252C19526DC9D9638EA = {
			isa = PBXGroup;
			children = (
				577014F607B99652DFD59022 /* JournalingPrompter */,
				6F5FAAE0ADBF042C5AE55138 /* Products */,
			);
			sourceTree = "<group>";
		};
		A815691C2504D987B0403D3F /* Models */ = {
			isa = PBXGroup;
			children = (
				8DAF13CC1855D5EB55E7A350 /* Achievement.swift */,
				AD3A938EF8030E51DCD13F00 /* Activity.swift */,
				0FFD0AB0EB9529B91B9ABD5E /* CustomPrompt.swift */,
				2CEA781FE3D8EB1D30D470EE /* DailyEntry.swift */,
				5429D99B1EAA7C1943515126 /* JournalEntry.swift */,
				7807D5EDE5E634E6A70C5F44 /* Mood.swift */,
				077A953291909F79699D05DF /* Priority.swift */,
				C13FA49884958FBA46AB0FEE /* TimeOfDay.swift */,
			);
			path = Models;
			sourceTree = "<group>";
		};
		DCB0F9100A29AB543E22FEFB /* Views */ = {
			isa = PBXGroup;
			children = (
				9F9EAA2CCFED0DF680C7519F /* ContentView.swift */,
				150CAC5AB57A49DA99BE2552 /* DailyView.swift */,
				21F04A76CBB0D95CA29F2DF7 /* HistoryView.swift */,
				ACC776467FE270AF2535B19E /* HomeView.swift */,
				729D5DE0A5101FBA4F9EFACC /* JournalEntryView.swift */,
				72DB7E9645BD014E16372633 /* JourneyView.swift */,
				952B90C1ED87B9349E5AD3F3 /* OnboardingView.swift */,
				DC113C096CE32B615CBD5DDB /* PromptPickerView.swift */,
				01FDBBE3728B7E6985128091 /* PromptsLibraryView.swift */,
				55DD1AE66BC82E20E6DB9CB4 /* PromptView.swift */,
				BD36DEBF10616E345FAD61D5 /* SettingsView.swift */,
			);
			path = Views;
			sourceTree = "<group>";
		};
		EF6C3CF2212F2B1054D8DD8F /* Resources */ = {
			isa = PBXGroup;
			children = (
				B5479AF909FB0E70E9C1156C /* Assets.xcassets */,
				25B33126B725459EB0C202F1 /* JournalingPrompter.xcdatamodeld */,
			);
			path = Resources;
			sourceTree = "<group>";
		};
/* End PBXGroup section */

/* Begin PBXNativeTarget section */
		C7DCE031CAD8A5F7164B40F3 /* JournalingPrompter */ = {
			isa = PBXNativeTarget;
			buildConfigurationList = 2E16415BBDD41343705354BD /* Build configuration list for PBXNativeTarget "JournalingPrompter" */;
			buildPhases = (
				254B84435968D7A2A00B5E52 /* Sources */,
				476BF84C7AA07A6D8B155645 /* Resources */,
			);
			buildRules = (
			);
			dependencies = (
			);
			name = JournalingPrompter;
			packageProductDependencies = (
			);
			productName = JournalingPrompter;
			productReference = 2872628CFE123F4CEAD7DE64 /* JournalingPrompter.app */;
			productType = "com.apple.product-type.application";
		};
/* End PBXNativeTarget section */

/* Begin PBXProject section */
		B51B95D539781D3CAC5D9D19 /* Project object */ = {
			isa = PBXProject;
			attributes = {
				BuildIndependentTargetsInParallel = YES;
				LastUpgradeCheck = 1500;
				TargetAttributes = {
					C7DCE031CAD8A5F7164B40F3 = {
						ProvisioningStyle = Automatic;
					};
				};
			};
			buildConfigurationList = 9A3C32F096EBA8909035808A /* Build configuration list for PBXProject "JournalingPrompter" */;
			compatibilityVersion = "Xcode 14.0";
			developmentRegion = en;
			hasScannedForEncodings = 0;
			knownRegions = (
				Base,
				en,
			);
			mainGroup = 84FD1252C19526DC9D9638EA;
			minimizedProjectReferenceProxies = 1;
			projectDirPath = "";
			projectRoot = "";
			targets = (
				C7DCE031CAD8A5F7164B40F3 /* JournalingPrompter */,
			);
		};
/* End PBXProject section */

/* Begin PBXResourcesBuildPhase section */
		476BF84C7AA07A6D8B155645 /* Resources */ = {
			isa = PBXResourcesBuildPhase;
			buildActionMask = 2147483647;
			files = (
				65A5F1C45106400755C0A6A4 /* Assets.xcassets in Resources */,
			);
			runOnlyForDeploymentPostprocessing = 0;
		};
/* End PBXResourcesBuildPhase section */

/* Begin PBXSourcesBuildPhase section */
		254B84435968D7A2A00B5E52 /* Sources */ = {
			isa = PBXSourcesBuildPhase;
			buildActionMask = 2147483647;
			files = (
				78EF53493E5854539134E419 /* Achievement.swift in Sources */,
				A0F9366954E07A290FA20FDC /* Activity.swift in Sources */,
				8C2BF2AB52A23818730A5318 /* AppColors.swift in Sources */,
				CCE6573B48AE1A143FE4F527 /* CalendarService.swift in Sources */,
				9D44FF84ACC6D670B4CDA5E2 /* ContentView.swift in Sources */,
				729D322F2BF4175BB8FD35DD /* CoreDataManager.swift in Sources */,
				C42E7B561162A3F57A3F28AE /* CustomPrompt.swift in Sources */,
				11722024C8BC8825EA068F70 /* CustomPromptsManager.swift in Sources */,
				95D12F7E4A5374AFB591C589 /* DailyEntry.swift in Sources */,
				8D3552DB1DFE548D8C71084E /* DailyEntryManager.swift in Sources */,
				D2E036CFE21292293EE0E230 /* DailyView.swift in Sources */,
				4E982B061ED0CC8378741E6F /* GeminiService.swift in Sources */,
				69160DE6AC10C8F499ABF9D6 /* HistoryAnalyticsService.swift in Sources */,
				317C0BB07901355ED3DE3752 /* HistoryView.swift in Sources */,
				DF38B52492470096F886EAC6 /* HomeView.swift in Sources */,
				3272F4FB49721B33C664FE4B /* JournalEntry.swift in Sources */,
				2DBF2563F0A1E6C93B53D3B8 /* JournalEntryView.swift in Sources */,
				0E629A85190F68D983286159 /* JournalingPrompter.xcdatamodeld in Sources */,
				21451CF60FC6FF2089466B1D /* JournalingPrompterApp.swift in Sources */,
				88973A7C35C155C282BF74C7 /* JourneyView.swift in Sources */,
				8AE201B653EAA678D890D093 /* Mood.swift in Sources */,
				E93B8CA2F9F6E8AF31DBD6C4 /* NotificationManager.swift in Sources */,
				6D36A5692BA87221BF0F9452 /* OfflinePrompts.swift in Sources */,
				0DE8EA1ADA3C9EA494ACDA35 /* OnboardingView.swift in Sources */,
				0AB8A2A83683D9039B2ED11C /* Priority.swift in Sources */,
				FC5706701702F6ACE5AFAAB8 /* PromptPickerView.swift in Sources */,
				7BFFE7879914989A9BF682B5 /* PromptView.swift in Sources */,
				94E559C5762B074A9C62BAF5 /* PromptsLibraryView.swift in Sources */,
				5DE1F9F6BDE186896D93C89A /* SettingsView.swift in Sources */,
				6A480F14951EAC3F7BA154E2 /* StreakManager.swift in Sources */,
				A33B823AE3D9B616BC97360A /* TimeOfDay.swift in Sources */,
			);
			runOnlyForDeploymentPostprocessing = 0;
		};
/* End PBXSourcesBuildPhase section */

/* Begin XCBuildConfiguration section */
		8BA5F04104A158CB44B3209D /* Debug */ = {
			isa = XCBuildConfiguration;
			buildSettings = {
				ASSETCATALOG_COMPILER_APPICON_NAME = AppIcon;
				CODE_SIGN_IDENTITY = "iPhone Developer";
				CODE_SIGN_STYLE = Automatic;
				CURRENT_PROJECT_VERSION = 1;
				DEVELOPMENT_TEAM = 9SK3Q97546;
				GENERATE_INFOPLIST_FILE = NO;
				INFOPLIST_FILE = JournalingPrompter/Info.plist;
				LD_RUNPATH_SEARCH_PATHS = (
					"$(inherited)",
					"@executable_path/Frameworks",
				);
				MARKETING_VERSION = 1.0;
				PRODUCT_BUNDLE_IDENTIFIER = com.yourcompany.JournalingPrompter;
				SDKROOT = iphoneos;
				SWIFT_VERSION = 5.0;
				TARGETED_DEVICE_FAMILY = "1,2";
			};
			name = Debug;
		};
		9E420389C432F2EFBB2AC1D9 /* Release */ = {
			isa = XCBuildConfiguration;
			buildSettings = {
				ASSETCATALOG_COMPILER_APPICON_NAME = AppIcon;
				CODE_SIGN_IDENTITY = "iPhone Developer";
				CODE_SIGN_STYLE = Automatic;
				CURRENT_PROJECT_VERSION = 1;
				DEVELOPMENT_TEAM = 9SK3Q97546;
				GENERATE_INFOPLIST_FILE = NO;
				INFOPLIST_FILE = JournalingPrompter/Info.plist;
				LD_RUNPATH_SEARCH_PATHS = (
					"$(inherited)",
					"@executable_path/Frameworks",
				);
				MARKETING_VERSION = 1.0;
				PRODUCT_BUNDLE_IDENTIFIER = com.yourcompany.JournalingPrompter;
				SDKROOT = iphoneos;
				SWIFT_VERSION = 5.0;
				TARGETED_DEVICE_FAMILY = "1,2";
			};
			name = Release;
		};
		CA42D4C7E350D1A7A3696933 /* Debug */ = {
			isa = XCBuildConfiguration;
			buildSettings = {
				ALWAYS_SEARCH_USER_PATHS = NO;
				CLANG_ANALYZER_NONNULL = YES;
				CLANG_ANALYZER_NUMBER_OBJECT_CONVERSION = YES_AGGRESSIVE;
				CLANG_CXX_LANGUAGE_STANDARD = "gnu++14";
				CLANG_CXX_LIBRARY = "libc++";
				CLANG_ENABLE_MODULES = YES;
				CLANG_ENABLE_OBJC_ARC = YES;
				CLANG_ENABLE_OBJC_WEAK = YES;
				CLANG_WARN_BLOCK_CAPTURE_AUTORELEASING = YES;
				CLANG_WARN_BOOL_CONVERSION = YES;
				CLANG_WARN_COMMA = YES;
				CLANG_WARN_CONSTANT_CONVERSION = YES;
				CLANG_WARN_DEPRECATED_OBJC_IMPLEMENTATIONS = YES;
				CLANG_WARN_DIRECT_OBJC_ISA_USAGE = YES_ERROR;
				CLANG_WARN_DOCUMENTATION_COMMENTS = YES;
				CLANG_WARN_EMPTY_BODY = YES;
				CLANG_WARN_ENUM_CONVERSION = YES;
				CLANG_WARN_INFINITE_RECURSION = YES;
				CLANG_WARN_INT_CONVERSION = YES;
				CLANG_WARN_NON_LITERAL_NULL_CONVERSION = YES;
				CLANG_WARN_OBJC_IMPLICIT_RETAIN_SELF = YES;
				CLANG_WARN_OBJC_LITERAL_CONVERSION = YES;
				CLANG_WARN_OBJC_ROOT_CLASS = YES_ERROR;
				CLANG_WARN_QUOTED_INCLUDE_IN_FRAMEWORK_HEADER = YES;
				CLANG_WARN_RANGE_LOOP_ANALYSIS = YES;
				CLANG_WARN_STRICT_PROTOTYPES = YES;
				CLANG_WARN_SUSPICIOUS_MOVE = YES;
				CLANG_WARN_UNGUARDED_AVAILABILITY = YES_AGGRESSIVE;
				CLANG_WARN_UNREACHABLE_CODE = YES;
				CLANG_WARN__DUPLICATE_METHOD_MATCH = YES;
				COPY_PHASE_STRIP = NO;
				DEBUG_INFORMATION_FORMAT = dwarf;
				ENABLE_STRICT_OBJC_MSGSEND = YES;
				ENABLE_TESTABILITY = YES;
				GCC_C_LANGUAGE_STANDARD = gnu11;
				GCC_DYNAMIC_NO_PIC = NO;
				GCC_NO_COMMON_BLOCKS = YES;
				GCC_OPTIMIZATION_LEVEL = 0;
				GCC_PREPROCESSOR_DEFINITIONS = (
					"$(inherited)",
					"DEBUG=1",
				);
				GCC_WARN_64_TO_32_BIT_CONVERSION = YES;
				GCC_WARN_ABOUT_RETURN_TYPE = YES_ERROR;
				GCC_WARN_UNDECLARED_SELECTOR = YES;
				GCC_WARN_UNINITIALIZED_AUTOS = YES_AGGRESSIVE;
				GCC_WARN_UNUSED_FUNCTION = YES;
				GCC_WARN_UNUSED_VARIABLE = YES;
				IPHONEOS_DEPLOYMENT_TARGET = 17.0;
				MTL_ENABLE_DEBUG_INFO = INCLUDE_SOURCE;
				MTL_FAST_MATH = YES;
				ONLY_ACTIVE_ARCH = YES;
				PRODUCT_NAME = "$(TARGET_NAME)";
				SDKROOT = iphoneos;
				SWIFT_ACTIVE_COMPILATION_CONDITIONS = DEBUG;
				SWIFT_OPTIMIZATION_LEVEL = "-Onone";
				SWIFT_VERSION = 5.0;
			};
			name = Debug;
		};
		E93442256A2811859B64E001 /* Release */ = {
			isa = XCBuildConfiguration;
			buildSettings = {
				ALWAYS_SEARCH_USER_PATHS = NO;
				CLANG_ANALYZER_NONNULL = YES;
				CLANG_ANALYZER_NUMBER_OBJECT_CONVERSION = YES_AGGRESSIVE;
				CLANG_CXX_LANGUAGE_STANDARD = "gnu++14";
				CLANG_CXX_LIBRARY = "libc++";
				CLANG_ENABLE_MODULES = YES;
				CLANG_ENABLE_OBJC_ARC = YES;
				CLANG_ENABLE_OBJC_WEAK = YES;
				CLANG_WARN_BLOCK_CAPTURE_AUTORELEASING = YES;
				CLANG_WARN_BOOL_CONVERSION = YES;
				CLANG_WARN_COMMA = YES;
				CLANG_WARN_CONSTANT_CONVERSION = YES;
				CLANG_WARN_DEPRECATED_OBJC_IMPLEMENTATIONS = YES;
				CLANG_WARN_DIRECT_OBJC_ISA_USAGE = YES_ERROR;
				CLANG_WARN_DOCUMENTATION_COMMENTS = YES;
				CLANG_WARN_EMPTY_BODY = YES;
				CLANG_WARN_ENUM_CONVERSION = YES;
				CLANG_WARN_INFINITE_RECURSION = YES;
				CLANG_WARN_INT_CONVERSION = YES;
				CLANG_WARN_NON_LITERAL_NULL_CONVERSION = YES;
				CLANG_WARN_OBJC_IMPLICIT_RETAIN_SELF = YES;
				CLANG_WARN_OBJC_LITERAL_CONVERSION = YES;
				CLANG_WARN_OBJC_ROOT_CLASS = YES_ERROR;
				CLANG_WARN_QUOTED_INCLUDE_IN_FRAMEWORK_HEADER = YES;
				CLANG_WARN_RANGE_LOOP_ANALYSIS = YES;
				CLANG_WARN_STRICT_PROTOTYPES = YES;
				CLANG_WARN_SUSPICIOUS_MOVE = YES;
				CLANG_WARN_UNGUARDED_AVAILABILITY = YES_AGGRESSIVE;
				CLANG_WARN_UNREACHABLE_CODE = YES;
				CLANG_WARN__DUPLICATE_METHOD_MATCH = YES;
				COPY_PHASE_STRIP = NO;
				DEBUG_INFORMATION_FORMAT = "dwarf-with-dsym";
				ENABLE_NS_ASSERTIONS = NO;
				ENABLE_STRICT_OBJC_MSGSEND = YES;
				GCC_C_LANGUAGE_STANDARD = gnu11;
				GCC_NO_COMMON_BLOCKS = YES;
				GCC_WARN_64_TO_32_BIT_CONVERSION = YES;
				GCC_WARN_ABOUT_RETURN_TYPE = YES_ERROR;
				GCC_WARN_UNDECLARED_SELECTOR = YES;
				GCC_WARN_UNINITIALIZED_AUTOS = YES_AGGRESSIVE;
				GCC_WARN_UNUSED_FUNCTION = YES;
				GCC_WARN_UNUSED_VARIABLE = YES;
				IPHONEOS_DEPLOYMENT_TARGET = 17.0;
				MTL_ENABLE_DEBUG_INFO = NO;
				MTL_FAST_MATH = YES;
				PRODUCT_NAME = "$(TARGET_NAME)";
				SDKROOT = iphoneos;
				SWIFT_COMPILATION_MODE = wholemodule;
				SWIFT_OPTIMIZATION_LEVEL = "-O";
				SWIFT_VERSION = 5.0;
			};
			name = Release;
		};
/* End XCBuildConfiguration section */

/* Begin XCConfigurationList section */
		2E16415BBDD41343705354BD /* Build configuration list for PBXNativeTarget "JournalingPrompter" */ = {
			isa = XCConfigurationList;
			buildConfigurations = (
				8BA5F04104A158CB44B3209D /* Debug */,
				9E420389C432F2EFBB2AC1D9 /* Release */,
			);
			defaultConfigurationIsVisible = 0;
			defaultConfigurationName = Debug;
		};
		9A3C32F096EBA8909035808A /* Build configuration list for PBXProject "JournalingPrompter" */ = {
			isa = XCConfigurationList;
			buildConfigurations = (
				CA42D4C7E350D1A7A3696933 /* Debug */,
				E93442256A2811859B64E001 /* Release */,
			);
			defaultConfigurationIsVisible = 0;
			defaultConfigurationName = Debug;
		};
/* End XCConfigurationList section */

/* Begin XCVersionGroup section */
		25B33126B725459EB0C202F1 /* JournalingPrompter.xcdatamodeld */ = {
			isa = XCVersionGroup;
			children = (
				CB6C0BDCE67FBE713989C76F /* JournalingPrompter.xcdatamodel */,
			);
			currentVersion = CB6C0BDCE67FBE713989C76F /* JournalingPrompter.xcdatamodel */;
			path = JournalingPrompter.xcdatamodeld;
			sourceTree = "<group>";
			versionGroupType = wrapper.xcdatamodel;
		};
/* End XCVersionGroup section */
	};
	rootObject = B51B95D539781D3CAC5D9D19 /* Project object */;
}
